// !$*UTF8*$!
{
	archiveVersion = 1;
	classes = {
	};
	objectVersion = 50;
	objects = {

/* Begin PBXBuildFile section */
		40925B2DCCA2D650CE7891CE /* libPods-iOS-mingonghui-sample.a in Frameworks */ = {isa = PBXBuildFile; fileRef = 0FB957E173605A8DD9E85C2C /* libPods-iOS-mingonghui-sample.a */; };
		F261A10021941D920083A24A /* AppDelegate.m in Sources */ = {isa = PBXBuildFile; fileRef = F261A0FF21941D920083A24A /* AppDelegate.m */; };
		F261A10321941D920083A24A /* ViewController.m in Sources */ = {isa = PBXBuildFile; fileRef = F261A10221941D920083A24A /* ViewController.m */; };
		F261A10621941D930083A24A /* Main.storyboard in Resources */ = {isa = PBXBuildFile; fileRef = F261A10421941D920083A24A /* Main.storyboard */; };
		F261A10821941D940083A24A /* Assets.xcassets in Resources */ = {isa = PBXBuildFile; fileRef = F261A10721941D940083A24A /* Assets.xcassets */; };
		F261A10B21941D940083A24A /* LaunchScreen.storyboard in Resources */ = {isa = PBXBuildFile; fileRef = F261A10921941D940083A24A /* LaunchScreen.storyboard */; };
		F261A10E21941D940083A24A /* main.m in Sources */ = {isa = PBXBuildFile; fileRef = F261A10D21941D940083A24A /* main.m */; };
/* End PBXBuildFile section */

/* Begin PBXFileReference section */
		0FB957E173605A8DD9E85C2C /* libPods-iOS-mingonghui-sample.a */ = {isa = PBXFileReference; explicitFileType = archive.ar; includeInIndex = 0; path = "libPods-iOS-mingonghui-sample.a"; sourceTree = BUILT_PRODUCTS_DIR; };
		9920B337A1E1B25D8FDD0A27 /* Pods-iOS-mingonghui-sample.release.xcconfig */ = {isa = PBXFileReference; includeInIndex = 1; lastKnownFileType = text.xcconfig; name = "Pods-iOS-mingonghui-sample.release.xcconfig"; path = "Pods/Target Support Files/Pods-iOS-mingonghui-sample/Pods-iOS-mingonghui-sample.release.xcconfig"; sourceTree = "<group>"; };
		CB16A95F8F968313111DE1F9 /* Pods-iOS-mingonghui-sample.debug.xcconfig */ = {isa = PBXFileReference; includeInIndex = 1; lastKnownFileType = text.xcconfig; name = "Pods-iOS-mingonghui-sample.debug.xcconfig"; path = "Pods/Target Support Files/Pods-iOS-mingonghui-sample/Pods-iOS-mingonghui-sample.debug.xcconfig"; sourceTree = "<group>"; };
		F261A0FB21941D920083A24A /* iOS-mingonghui-sample.app */ = {isa = PBXFileReference; explicitFileType = wrapper.application; includeInIndex = 0; path = "iOS-mingonghui-sample.app"; sourceTree = BUILT_PRODUCTS_DIR; };
		F261A0FE21941D920083A24A /* AppDelegate.h */ = {isa = PBXFileReference; lastKnownFileType = sourcecode.c.h; path = AppDelegate.h; sourceTree = "<group>"; };
		F261A0FF21941D920083A24A /* AppDelegate.m */ = {isa = PBXFileReference; lastKnownFileType = sourcecode.c.objc; path = AppDelegate.m; sourceTree = "<group>"; };
		F261A10121941D920083A24A /* ViewController.h */ = {isa = PBXFileReference; lastKnownFileType = sourcecode.c.h; path = ViewController.h; sourceTree = "<group>"; };
		F261A10221941D920083A24A /* ViewController.m */ = {isa = PBXFileReference; lastKnownFileType = sourcecode.c.objc; path = ViewController.m; sourceTree = "<group>"; };
		F261A10521941D920083A24A /* Base */ = {isa = PBXFileReference; lastKnownFileType = file.storyboard; name = Base; path = Base.lproj/Main.storyboard; sourceTree = "<group>"; };
		F261A10721941D940083A24A /* Assets.xcassets */ = {isa = PBXFileReference; lastKnownFileType = folder.assetcatalog; path = Assets.xcassets; sourceTree = "<group>"; };
		F261A10A21941D940083A24A /* Base */ = {isa = PBXFileReference; lastKnownFileType = file.storyboard; name = Base; path = Base.lproj/LaunchScreen.storyboard; sourceTree = "<group>"; };
		F261A10C21941D940083A24A /* Info.plist */ = {isa = PBXFileReference; lastKnownFileType = text.plist.xml; path = Info.plist; sourceTree = "<group>"; };
		F261A10D21941D940083A24A /* main.m */ = {isa = PBXFileReference; lastKnownFileType = sourcecode.c.objc; path = main.m; sourceTree = "<group>"; };
/* End PBXFileReference section */

/* Begin PBXFrameworksBuildPhase section */
		F261A0F821941D920083A24A /* Frameworks */ = {
			isa = PBXFrameworksBuildPhase;
			buildActionMask = 2147483647;
			files = (
				40925B2DCCA2D650CE7891CE /* libPods-iOS-mingonghui-sample.a in Frameworks */,
			);
			runOnlyForDeploymentPostprocessing = 0;
		};
/* End PBXFrameworksBuildPhase section */

/* Begin PBXGroup section */
		1A1CFC0B0E73547A3DCECC6F /* Frameworks */ = {
			isa = PBXGroup;
			children = (
				0FB957E173605A8DD9E85C2C /* libPods-iOS-mingonghui-sample.a */,
			);
			name = Frameworks;
			sourceTree = "<group>";
		};
		5087258264F4DA0561783739 /* Pods */ = {
			isa = PBXGroup;
			children = (
				CB16A95F8F968313111DE1F9 /* Pods-iOS-mingonghui-sample.debug.xcconfig */,
				9920B337A1E1B25D8FDD0A27 /* Pods-iOS-mingonghui-sample.release.xcconfig */,
			);
			name = Pods;
			sourceTree = "<group>";
		};
		F261A0F221941D920083A24A = {
			isa = PBXGroup;
			children = (
				F261A0FD21941D920083A24A /* iOS-mingonghui-sample */,
				F261A0FC21941D920083A24A /* Products */,
				5087258264F4DA0561783739 /* Pods */,
				1A1CFC0B0E73547A3DCECC6F /* Frameworks */,
			);
			sourceTree = "<group>";
		};
		F261A0FC21941D920083A24A /* Products */ = {
			isa = PBXGroup;
			children = (
				F261A0FB21941D920083A24A /* iOS-mingonghui-sample.app */,
			);
			name = Products;
			sourceTree = "<group>";
		};
		F261A0FD21941D920083A24A /* iOS-mingonghui-sample */ = {
			isa = PBXGroup;
			children = (
				F261A0FE21941D920083A24A /* AppDelegate.h */,
				F261A0FF21941D920083A24A /* AppDelegate.m */,
				F261A10121941D920083A24A /* ViewController.h */,
				F261A10221941D920083A24A /* ViewController.m */,
				F261A10421941D920083A24A /* Main.storyboard */,
				F261A10721941D940083A24A /* Assets.xcassets */,
				F261A10921941D940083A24A /* LaunchScreen.storyboard */,
				F261A10C21941D940083A24A /* Info.plist */,
				F261A10D21941D940083A24A /* main.m */,
			);
			path = "iOS-mingonghui-sample";
			sourceTree = "<group>";
		};
/* End PBXGroup section */

/* Begin PBXNativeTarget section */
		F261A0FA21941D920083A24A /* iOS-mingonghui-sample */ = {
			isa = PBXNativeTarget;
			buildConfigurationList = F261A11121941D940083A24A /* Build configuration list for PBXNativeTarget "iOS-mingonghui-sample" */;
			buildPhases = (
				09CC31C97E3AA95AEA767453 /* [CP] Check Pods Manifest.lock */,
				F261A0F721941D920083A24A /* Sources */,
				F261A0F821941D920083A24A /* Frameworks */,
				F261A0F921941D920083A24A /* Resources */,
				14673A4C28D0E0875653590E /* [CP] Copy Pods Resources */,
			);
			buildRules = (
			);
			dependencies = (
			);
			name = "iOS-mingonghui-sample";
			productName = "iOS-mingonghui-sample";
			productReference = F261A0FB21941D920083A24A /* iOS-mingonghui-sample.app */;
			productType = "com.apple.product-type.application";
		};
/* End PBXNativeTarget section */

/* Begin PBXProject section */
		F261A0F321941D920083A24A /* Project object */ = {
			isa = PBXProject;
			attributes = {
				LastUpgradeCheck = 0930;
				ORGANIZATIONNAME = jinhui;
				TargetAttributes = {
					F261A0FA21941D920083A24A = {
						CreatedOnToolsVersion = 9.3;
					};
				};
			};
			buildConfigurationList = F261A0F621941D920083A24A /* Build configuration list for PBXProject "iOS-mingonghui-sample" */;
			compatibilityVersion = "Xcode 9.3";
			developmentRegion = en;
			hasScannedForEncodings = 0;
			knownRegions = (
				en,
				Base,
			);
			mainGroup = F261A0F221941D920083A24A;
			productRefGroup = F261A0FC21941D920083A24A /* Products */;
			projectDirPath = "";
			projectRoot = "";
			targets = (
				F261A0FA21941D920083A24A /* iOS-mingonghui-sample */,
			);
		};
/* End PBXProject section */

/* Begin PBXResourcesBuildPhase section */
		F261A0F921941D920083A24A /* Resources */ = {
			isa = PBXResourcesBuildPhase;
			buildActionMask = 2147483647;
			files = (
				F261A10B21941D940083A24A /* LaunchScreen.storyboard in Resources */,
				F261A10821941D940083A24A /* Assets.xcassets in Resources */,
				F261A10621941D930083A24A /* Main.storyboard in Resources */,
			);
			runOnlyForDeploymentPostprocessing = 0;
		};
/* End PBXResourcesBuildPhase section */

/* Begin PBXShellScriptBuildPhase section */
		09CC31C97E3AA95AEA767453 /* [CP] Check Pods Manifest.lock */ = {
			isa = PBXShellScriptBuildPhase;
			buildActionMask = 2147483647;
			files = (
			);
			inputPaths = (
				"${PODS_PODFILE_DIR_PATH}/Podfile.lock",
				"${PODS_ROOT}/Manifest.lock",
			);
			name = "[CP] Check Pods Manifest.lock";
			outputPaths = (
				"$(DERIVED_FILE_DIR)/Pods-iOS-mingonghui-sample-checkManifestLockResult.txt",
			);
			runOnlyForDeploymentPostprocessing = 0;
			shellPath = /bin/sh;
			shellScript = "diff \"${PODS_PODFILE_DIR_PATH}/Podfile.lock\" \"${PODS_ROOT}/Manifest.lock\" > /dev/null\nif [ $? != 0 ] ; then\n    # print error to STDERR\n    echo \"error: The sandbox is not in sync with the Podfile.lock. Run 'pod install' or update your CocoaPods installation.\" >&2\n    exit 1\nfi\n# This output is used by Xcode 'outputs' to avoid re-running this script phase.\necho \"SUCCESS\" > \"${SCRIPT_OUTPUT_FILE_0}\"\n";
			showEnvVarsInLog = 0;
		};
		14673A4C28D0E0875653590E /* [CP] Copy Pods Resources */ = {
			isa = PBXShellScriptBuildPhase;
			buildActionMask = 2147483647;
			files = (
			);
			inputPaths = (
				"${SRCROOT}/Pods/Target Support Files/Pods-iOS-mingonghui-sample/Pods-iOS-mingonghui-sample-resources.sh",
				"${PODS_ROOT}/IQKeyboardManager/IQKeyboardManager/Resources/IQKeyboardManager.bundle",
				"${PODS_ROOT}/MJRefresh/MJRefresh/MJRefresh.bundle",
				"${PODS_ROOT}/MingonghuiSDK/MingonghuiSDK/Assets/ios.zip",
				"${PODS_ROOT}/MingonghuiSDK/MingonghuiSDK/Assets/Platform.json",
				"${PODS_ROOT}/MingonghuiSDK/MingonghuiSDK/Assets/Router.json",
				"${PODS_ROOT}/PaySDK/PaySDK/SDK/ExBankCardRes.bundle",
				"${PODS_ROOT}/PaySDK/PaySDK/SDK/ExCardRes.bundle",
				"${PODS_CONFIGURATION_BUILD_DIR}/PaySDK/ZQPayKitResource.bundle",
			);
			name = "[CP] Copy Pods Resources";
			outputPaths = (
				"${TARGET_BUILD_DIR}/${UNLOCALIZED_RESOURCES_FOLDER_PATH}/IQKeyboardManager.bundle",
				"${TARGET_BUILD_DIR}/${UNLOCALIZED_RESOURCES_FOLDER_PATH}/MJRefresh.bundle",
				"${TARGET_BUILD_DIR}/${UNLOCALIZED_RESOURCES_FOLDER_PATH}/ios.zip",
				"${TARGET_BUILD_DIR}/${UNLOCALIZED_RESOURCES_FOLDER_PATH}/Platform.json",
				"${TARGET_BUILD_DIR}/${UNLOCALIZED_RESOURCES_FOLDER_PATH}/Router.json",
				"${TARGET_BUILD_DIR}/${UNLOCALIZED_RESOURCES_FOLDER_PATH}/ExBankCardRes.bundle",
				"${TARGET_BUILD_DIR}/${UNLOCALIZED_RESOURCES_FOLDER_PATH}/ExCardRes.bundle",
				"${TARGET_BUILD_DIR}/${UNLOCALIZED_RESOURCES_FOLDER_PATH}/ZQPayKitResource.bundle",
			);
			runOnlyForDeploymentPostprocessing = 0;
			shellPath = /bin/sh;
			shellScript = "\"${SRCROOT}/Pods/Target Support Files/Pods-iOS-mingonghui-sample/Pods-iOS-mingonghui-sample-resources.sh\"\n";
			showEnvVarsInLog = 0;
		};
/* End PBXShellScriptBuildPhase section */

/* Begin PBXSourcesBuildPhase section */
		F261A0F721941D920083A24A /* Sources */ = {
			isa = PBXSourcesBuildPhase;
			buildActionMask = 2147483647;
			files = (
				F261A10321941D920083A24A /* ViewController.m in Sources */,
				F261A10E21941D940083A24A /* main.m in Sources */,
				F261A10021941D920083A24A /* AppDelegate.m in Sources */,
			);
			runOnlyForDeploymentPostprocessing = 0;
		};
/* End PBXSourcesBuildPhase section */

/* Begin PBXVariantGroup section */
		F261A10421941D920083A24A /* Main.storyboard */ = {
			isa = PBXVariantGroup;
			children = (
				F261A10521941D920083A24A /* Base */,
			);
			name = Main.storyboard;
			sourceTree = "<group>";
		};
		F261A10921941D940083A24A /* LaunchScreen.storyboard */ = {
			isa = PBXVariantGroup;
			children = (
				F261A10A21941D940083A24A /* Base */,
			);
			name = LaunchScreen.storyboard;
			sourceTree = "<group>";
		};
/* End PBXVariantGroup section */

/* Begin XCBuildConfiguration section */
		F261A10F21941D940083A24A /* Debug */ = {
			isa = XCBuildConfiguration;
			buildSettings = {
				ALWAYS_SEARCH_USER_PATHS = NO;
				CLANG_ANALYZER_NONNULL = YES;
				CLANG_ANALYZER_NUMBER_OBJECT_CONVERSION = YES_AGGRESSIVE;
				CLANG_CXX_LANGUAGE_STANDARD = "gnu++14";
				CLANG_CXX_LIBRARY = "libc++";
				CLANG_ENABLE_MODULES = YES;
				CLANG_ENABLE_OBJC_ARC = YES;
				CLANG_ENABLE_OBJC_WEAK = YES;
				CLANG_WARN_BLOCK_CAPTURE_AUTORELEASING = YES;
				CLANG_WARN_BOOL_CONVERSION = YES;
				CLANG_WARN_COMMA = YES;
				CLANG_WARN_CONSTANT_CONVERSION = YES;
				CLANG_WARN_DEPRECATED_OBJC_IMPLEMENTATIONS = YES;
				CLANG_WARN_DIRECT_OBJC_ISA_USAGE = YES_ERROR;
				CLANG_WARN_DOCUMENTATION_COMMENTS = YES;
				CLANG_WARN_EMPTY_BODY = YES;
				CLANG_WARN_ENUM_CONVERSION = YES;
				CLANG_WARN_INFINITE_RECURSION = YES;
				CLANG_WARN_INT_CONVERSION = YES;
				CLANG_WARN_NON_LITERAL_NULL_CONVERSION = YES;
				CLANG_WARN_OBJC_IMPLICIT_RETAIN_SELF = YES;
				CLANG_WARN_OBJC_LITERAL_CONVERSION = YES;
				CLANG_WARN_OBJC_ROOT_CLASS = YES_ERROR;
				CLANG_WARN_RANGE_LOOP_ANALYSIS = YES;
				CLANG_WARN_STRICT_PROTOTYPES = YES;
				CLANG_WARN_SUSPICIOUS_MOVE = YES;
				CLANG_WARN_UNGUARDED_AVAILABILITY = YES_AGGRESSIVE;
				CLANG_WARN_UNREACHABLE_CODE = YES;
				CLANG_WARN__DUPLICATE_METHOD_MATCH = YES;
				CODE_SIGN_IDENTITY = "iPhone Developer";
				COPY_PHASE_STRIP = NO;
				DEBUG_INFORMATION_FORMAT = dwarf;
				ENABLE_STRICT_OBJC_MSGSEND = YES;
				ENABLE_TESTABILITY = YES;
				GCC_C_LANGUAGE_STANDARD = gnu11;
				GCC_DYNAMIC_NO_PIC = NO;
				GCC_NO_COMMON_BLOCKS = YES;
				GCC_OPTIMIZATION_LEVEL = 0;
				GCC_PREPROCESSOR_DEFINITIONS = (
					"DEBUG=1",
					"$(inherited)",
				);
				GCC_WARN_64_TO_32_BIT_CONVERSION = YES;
				GCC_WARN_ABOUT_RETURN_TYPE = YES_ERROR;
				GCC_WARN_UNDECLARED_SELECTOR = YES;
				GCC_WARN_UNINITIALIZED_AUTOS = YES_AGGRESSIVE;
				GCC_WARN_UNUSED_FUNCTION = YES;
				GCC_WARN_UNUSED_VARIABLE = YES;
				IPHONEOS_DEPLOYMENT_TARGET = 11.3;
				MTL_ENABLE_DEBUG_INFO = YES;
				ONLY_ACTIVE_ARCH = YES;
				SDKROOT = iphoneos;
			};
			name = Debug;
		};
		F261A11021941D940083A24A /* Release */ = {
			isa = XCBuildConfiguration;
			buildSettings = {
				ALWAYS_SEARCH_USER_PATHS = NO;
				CLANG_ANALYZER_NONNULL = YES;
				CLANG_ANALYZER_NUMBER_OBJECT_CONVERSION = YES_AGGRESSIVE;
				CLANG_CXX_LANGUAGE_STANDARD = "gnu++14";
				CLANG_CXX_LIBRARY = "libc++";
				CLANG_ENABLE_MODULES = YES;
				CLANG_ENABLE_OBJC_ARC = YES;
				CLANG_ENABLE_OBJC_WEAK = YES;
				CLANG_WARN_BLOCK_CAPTURE_AUTORELEASING = YES;
				CLANG_WARN_BOOL_CONVERSION = YES;
				CLANG_WARN_COMMA = YES;
				CLANG_WARN_CONSTANT_CONVERSION = YES;
				CLANG_WARN_DEPRECATED_OBJC_IMPLEMENTATIONS = YES;
				CLANG_WARN_DIRECT_OBJC_ISA_USAGE = YES_ERROR;
				CLANG_WARN_DOCUMENTATION_COMMENTS = YES;
				CLANG_WARN_EMPTY_BODY = YES;
				CLANG_WARN_ENUM_CONVERSION = YES;
				CLANG_WARN_INFINITE_RECURSION = YES;
				CLANG_WARN_INT_CONVERSION = YES;
				CLANG_WARN_NON_LITERAL_NULL_CONVERSION = YES;
				CLANG_WARN_OBJC_IMPLICIT_RETAIN_SELF = YES;
				CLANG_WARN_OBJC_LITERAL_CONVERSION = YES;
				CLANG_WARN_OBJC_ROOT_CLASS = YES_ERROR;
				CLANG_WARN_RANGE_LOOP_ANALYSIS = YES;
				CLANG_WARN_STRICT_PROTOTYPES = YES;
				CLANG_WARN_SUSPICIOUS_MOVE = YES;
				CLANG_WARN_UNGUARDED_AVAILABILITY = YES_AGGRESSIVE;
				CLANG_WARN_UNREACHABLE_CODE = YES;
				CLANG_WARN__DUPLICATE_METHOD_MATCH = YES;
				CODE_SIGN_IDENTITY = "iPhone Developer";
				COPY_PHASE_STRIP = NO;
				DEBUG_INFORMATION_FORMAT = "dwarf-with-dsym";
				ENABLE_NS_ASSERTIONS = NO;
				ENABLE_STRICT_OBJC_MSGSEND = YES;
				GCC_C_LANGUAGE_STANDARD = gnu11;
				GCC_NO_COMMON_BLOCKS = YES;
				GCC_WARN_64_TO_32_BIT_CONVERSION = YES;
				GCC_WARN_ABOUT_RETURN_TYPE = YES_ERROR;
				GCC_WARN_UNDECLARED_SELECTOR = YES;
				GCC_WARN_UNINITIALIZED_AUTOS = YES_AGGRESSIVE;
				GCC_WARN_UNUSED_FUNCTION = YES;
				GCC_WARN_UNUSED_VARIABLE = YES;
				IPHONEOS_DEPLOYMENT_TARGET = 11.3;
				MTL_ENABLE_DEBUG_INFO = NO;
				SDKROOT = iphoneos;
				VALIDATE_PRODUCT = YES;
			};
			name = Release;
		};
		F261A11221941D940083A24A /* Debug */ = {
			isa = XCBuildConfiguration;
			baseConfigurationReference = CB16A95F8F968313111DE1F9 /* Pods-iOS-mingonghui-sample.debug.xcconfig */;
			buildSettings = {
				ASSETCATALOG_COMPILER_APPICON_NAME = AppIcon;
				CODE_SIGN_STYLE = Manual;
				DEVELOPMENT_TEAM = "";
				INFOPLIST_FILE = "iOS-mingonghui-sample/Info.plist";
				IPHONEOS_DEPLOYMENT_TARGET = 9.0;
				LD_RUNPATH_SEARCH_PATHS = (
					"$(inherited)",
					"@executable_path/Frameworks",
				);
				PRODUCT_BUNDLE_IDENTIFIER = "com.zqpay.zl.iOS-mingonghui-sample";
				PRODUCT_NAME = "$(TARGET_NAME)";
				PROVISIONING_PROFILE_SPECIFIER = "";
				TARGETED_DEVICE_FAMILY = "1,2";
			};
			name = Debug;
		};
		F261A11321941D940083A24A /* Release */ = {
			isa = XCBuildConfiguration;
			baseConfigurationReference = 9920B337A1E1B25D8FDD0A27 /* Pods-iOS-mingonghui-sample.release.xcconfig */;
			buildSettings = {
				ASSETCATALOG_COMPILER_APPICON_NAME = AppIcon;
				CODE_SIGN_STYLE = Manual;
				DEVELOPMENT_TEAM = "";
				INFOPLIST_FILE = "iOS-mingonghui-sample/Info.plist";
				IPHONEOS_DEPLOYMENT_TARGET = 9.0;
				LD_RUNPATH_SEARCH_PATHS = (
					"$(inherited)",
					"@executable_path/Frameworks",
				);
				PRODUCT_BUNDLE_IDENTIFIER = "com.zqpay.zl.iOS-mingonghui-sample";
				PRODUCT_NAME = "$(TARGET_NAME)";
				PROVISIONING_PROFILE_SPECIFIER = "";
				TARGETED_DEVICE_FAMILY = "1,2";
			};
			name = Release;
		};
/* End XCBuildConfiguration section */

/* Begin XCConfigurationList section */
		F261A0F621941D920083A24A /* Build configuration list for PBXProject "iOS-mingonghui-sample" */ = {
			isa = XCConfigurationList;
			buildConfigurations = (
				F261A10F21941D940083A24A /* Debug */,
				F261A11021941D940083A24A /* Release */,
			);
			defaultConfigurationIsVisible = 0;
			defaultConfigurationName = Release;
		};
		F261A11121941D940083A24A /* Build configuration list for PBXNativeTarget "iOS-mingonghui-sample" */ = {
			isa = XCConfigurationList;
			buildConfigurations = (
				F261A11221941D940083A24A /* Debug */,
				F261A11321941D940083A24A /* Release */,
			);
			defaultConfigurationIsVisible = 0;
			defaultConfigurationName = Release;
		};
/* End XCConfigurationList section */
	};
	rootObject = F261A0F321941D920083A24A /* Project object */;
}
